<?xml version="1.0" encoding="utf-8"?>
<Project ToolsVersion="4.0" xmlns="http://schemas.microsoft.com/developer/msbuild/2003">
  <ItemGroup>
    <Filter Include="Source Files">
      <UniqueIdentifier>{4FC737F1-C7A5-4376-A066-2A32D752A2FF}</UniqueIdentifier>
      <Extensions>cpp;c;cc;cxx;c++;cppm;ixx;def;odl;idl;hpj;bat;asm;asmx</Extensions>
    </Filter>
    <Filter Include="Header Files">
      <UniqueIdentifier>{93995380-89BD-4b04-88EB-625FBE52EBFB}</UniqueIdentifier>
      <Extensions>h;hh;hpp;hxx;h++;hm;inl;inc;ipp;xsd</Extensions>
    </Filter>
    <Filter Include="Resource Files">
      <UniqueIdentifier>{67DA6AB6-F800-4c08-8B7A-83BB121AAD01}</UniqueIdentifier>
      <Extensions>rc;ico;cur;bmp;dlg;rc2;rct;bin;rgs;gif;jpg;jpeg;jpe;resx;tiff;tif;png;wav;mfcribbon-ms</Extensions>
    </Filter>
  </ItemGroup>
  <ItemGroup>
    <ClCompile Include="SRC/main.cpp">
      <Filter>Source Files</Filter>
    </ClCompile>
    <ClCompile Include="SRC/MutateOperation.cpp">
      <Filter>Source Files</Filter>
    </ClCompile>
    <ClCompile Include="SRC/FileOperation.cpp">
      <Filter>Source Files</Filter>
    </ClCompile>
    <ClCompile Include="SRC/ReplaceIntegers.cpp">
      <Filter>Source Files</Filter>
    </ClCompile>
    <ClCompile Include="SRC/MutateManager.cpp">
      <Filter>Source Files</Filter>
    </ClCompile>
    <ClCompile Include="SRC/Execute.cpp">
      <Filter>Source Files</Filter>
    </ClCompile>
    <ClCompile Include="SRC/Report.cpp">
      <Filter>Source Files</Filter>
    </ClCompile>
    <ClCompile Include="SRC/MutateOperationFactory.cpp">
      <Filter>Source Files</Filter>
    </ClCompile>
    <ClCompile Include="SRC/ReplaceInsertWithIndex.cpp">
      <Filter>Source Files</Filter>
    </ClCompile>
    <ClCompile Include="SRC/ConfigurationManager.cpp">
      <Filter>Source Files</Filter>
    </ClCompile>
    <ClCompile Include="SRC/ConfigurationJSONParser.cpp">
      <Filter>Source Files</Filter>
    </ClCompile>
    <ClCompile Include="SRC/ConfigurationOperation.cpp">
      <Filter>Source Files</Filter>
    </ClCompile>
    <ClCompile Include="SRC/ConfigurationFactory.cpp">
      <Filter>Source Files</Filter>
    </ClCompile>
    <ClCompile Include="SRC/ReplaceBoolean.cpp">
      <Filter>Source Files</Filter>
    </ClCompile>
    <ClCompile Include="SRC/ReplaceEquals.cpp">
      <Filter>Source Files</Filter>
    </ClCompile>
  </ItemGroup>
  <ItemGroup>
    <ClInclude Include="INC/MutateOperation.h">
      <Filter>Header Files</Filter>
    </ClInclude>
    <ClInclude Include="INC/FileOperation.h">
      <Filter>Header Files</Filter>
    </ClInclude>
    <ClInclude Include="INC/ReplaceIntegers.h">
      <Filter>Header Files</Filter>
    </ClInclude>
    <ClInclude Include="INC/MutateManager.h">
      <Filter>Header Files</Filter>
    </ClInclude>
    <ClInclude Include="INC/Execute.h">
      <Filter>Header Files</Filter>
    </ClInclude>
    <ClInclude Include="INC/Report.h">
      <Filter>Header Files</Filter>
    </ClInclude>
    <ClInclude Include="INC/MutateOperationFactory.h">
      <Filter>Header Files</Filter>
    </ClInclude>
    <ClInclude Include="INC/MiscEnums.h">
      <Filter>Header Files</Filter>
    </ClInclude>
    <ClInclude Include="INC/ReplaceInsertWithIndex.h">
      <Filter>Header Files</Filter>
    </ClInclude>
    <ClInclude Include="INC/ConfigurationManager.h">
      <Filter>Header Files</Filter>
    </ClInclude>
    <ClInclude Include="INC/ReplaceBoolean.h">
      <Filter>Header Files</Filter>
    </ClInclude>
    <ClInclude Include="INC/ReplaceEquals.h">
      <Filter>Header Files</Filter>
    </ClInclude>
    <ClInclude Include="INC/ConfigurationFactory.h">
      <Filter>Header Files</Filter>
    </ClInclude>
    <ClInclude Include="INC/ConfigurationJSONParser.h">
      <Filter>Header Files</Filter>
    </ClInclude>
    <ClInclude Include="INC/ConfigurationOperation.h">
      <Filter>Header Files</Filter>
    </ClInclude>
  </ItemGroup>
  <ItemGroup>
    <None Include="packages.config" />
  </ItemGroup>
</Project>